
Microsoft Visual Studio Solution File, Format Version 12.00
# Visual Studio Version 17
VisualStudioVersion = 17.9.34714.143
MinimumVisualStudioVersion = 10.0.40219.1
Project("{FAE04EC0-301F-11D3-BF4B-00C04F79EFBC}") = "AlarmProject", "AlarmProject\AlarmProject.csproj", "{258C7B00-04BC-4CE6-9B5D-0AF381BE7254}"
EndProject
Global
	GlobalSection(SolutionConfigurationPlatforms) = preSolution
		Debug|Any CPU = Debug|Any CPU
		Release|Any CPU = Release|Any CPU
	EndGlobalSection
	GlobalSection(ProjectConfigurationPlatforms) = postSolution
		{258C7B00-04BC-4CE6-9B5D-0AF381BE7254}.Debug|Any CPU.ActiveCfg = Debug|Any CPU
		{258C7B00-04BC-4CE6-9B5D-0AF381BE7254}.Debug|Any CPU.Build.0 = Debug|Any CPU
		{258C7B00-04BC-4CE6-9B5D-0AF381BE7254}.Debug|Any CPU.Deploy.0 = Debug|Any CPU
		{258C7B00-04BC-4CE6-9B5D-0AF381BE7254}.Release|Any CPU.ActiveCfg = Release|Any CPU
		{258C7B00-04BC-4CE6-9B5D-0AF381BE7254}.Release|Any CPU.Build.0 = Release|Any CPU
		{258C7B00-04BC-4CE6-9B5D-0AF381BE7254}.Release|Any CPU.Deploy.0 = Release|Any CPU
	EndGlobalSection
	GlobalSection(SolutionProperties) = preSolution
		HideSolutionNode = FALSE
	EndGlobalSection
	GlobalSection(ExtensibilityGlobals) = postSolution
		SolutionGuid = {BC56AB0E-72B2-4FC4-B36D-7CC64228F6DF}
	EndGlobalSection
EndGlobal
